
Microsoft Visual Studio Solution File, Format Version 12.00
# Visual Studio Version 17
VisualStudioVersion = 17.6.33723.286
MinimumVisualStudioVersion = 10.0.40219.1
Project("{9A19103F-16F7-4668-BE54-9A1E7A4F7556}") = "SP-DynamicMapper", "SP-DynamicMapper\SP-DynamicMapper.csproj", "{B6DB9BAE-196B-4B42-A0BD-B86DB359B583}"
EndProject
Project("{FAE04EC0-301F-11D3-BF4B-00C04F79EFBC}") = "TestApplication", "TestApplication\TestApplication.csproj", "{99D6DA1D-4927-4636-B13F-FF2BD7A81DD0}"
EndProject
Global
	GlobalSection(SolutionConfigurationPlatforms) = preSolution
		Debug|Any CPU = Debug|Any CPU
		Release|Any CPU = Release|Any CPU
	EndGlobalSection
	GlobalSection(ProjectConfigurationPlatforms) = postSolution
		{B6DB9BAE-196B-4B42-A0BD-B86DB359B583}.Debug|Any CPU.ActiveCfg = Debug|Any CPU
		{B6DB9BAE-196B-4B42-A0BD-B86DB359B583}.Debug|Any CPU.Build.0 = Debug|Any CPU
		{B6DB9BAE-196B-4B42-A0BD-B86DB359B583}.Release|Any CPU.ActiveCfg = Release|Any CPU
		{B6DB9BAE-196B-4B42-A0BD-B86DB359B583}.Release|Any CPU.Build.0 = Release|Any CPU
		{99D6DA1D-4927-4636-B13F-FF2BD7A81DD0}.Debug|Any CPU.ActiveCfg = Debug|Any CPU
		{99D6DA1D-4927-4636-B13F-FF2BD7A81DD0}.Debug|Any CPU.Build.0 = Debug|Any CPU
		{99D6DA1D-4927-4636-B13F-FF2BD7A81DD0}.Release|Any CPU.ActiveCfg = Release|Any CPU
		{99D6DA1D-4927-4636-B13F-FF2BD7A81DD0}.Release|Any CPU.Build.0 = Release|Any CPU
	EndGlobalSection
	GlobalSection(SolutionProperties) = preSolution
		HideSolutionNode = FALSE
	EndGlobalSection
	GlobalSection(ExtensibilityGlobals) = postSolution
		SolutionGuid = {34A34553-4D4C-40F3-BAF6-FD457161946F}
	EndGlobalSection
EndGlobal
